
Microsoft Visual Studio Solution File, Format Version 12.00
# Visual Studio Version 16
VisualStudioVersion = 16.0.30907.101
MinimumVisualStudioVersion = 10.0.40219.1
Project("{9A19103F-16F7-4668-BE54-9A1E7A4F7556}") = "Core", "Core\Core.csproj", "{11C19E63-05B2-495C-AB00-4C3CA7C5F730}"
EndProject
Project("{9A19103F-16F7-4668-BE54-9A1E7A4F7556}") = "DataAccess", "DataAccess\DataAccess.csproj", "{F45D77B9-657B-4842-AEDA-842258A5FD83}"
EndProject
Project("{9A19103F-16F7-4668-BE54-9A1E7A4F7556}") = "Entities", "Entities\Entities.csproj", "{43DCEAED-E592-4437-B877-C811C6E175D7}"
EndProject
Project("{9A19103F-16F7-4668-BE54-9A1E7A4F7556}") = "Bussiness", "Bussiness\Bussiness.csproj", "{56CAE1C5-1AA3-431E-AF36-CE4D083E114E}"
EndProject
Project("{9A19103F-16F7-4668-BE54-9A1E7A4F7556}") = "ConsoleUI", "ConsoleUI\ConsoleUI.csproj", "{8CDF5D99-D1F9-4E76-B799-BB1778F134F7}"
EndProject
Project("{FAE04EC0-301F-11D3-BF4B-00C04F79EFBC}") = "WebAPI", "WebAPI\WebAPI.csproj", "{6F533A3F-2285-4A50-8184-DB42D2A9970B}"
EndProject
Global
	GlobalSection(SolutionConfigurationPlatforms) = preSolution
		Debug|Any CPU = Debug|Any CPU
		Release|Any CPU = Release|Any CPU
	EndGlobalSection
	GlobalSection(ProjectConfigurationPlatforms) = postSolution
		{11C19E63-05B2-495C-AB00-4C3CA7C5F730}.Debug|Any CPU.ActiveCfg = Debug|Any CPU
		{11C19E63-05B2-495C-AB00-4C3CA7C5F730}.Debug|Any CPU.Build.0 = Debug|Any CPU
		{11C19E63-05B2-495C-AB00-4C3CA7C5F730}.Release|Any CPU.ActiveCfg = Release|Any CPU
		{11C19E63-05B2-495C-AB00-4C3CA7C5F730}.Release|Any CPU.Build.0 = Release|Any CPU
		{F45D77B9-657B-4842-AEDA-842258A5FD83}.Debug|Any CPU.ActiveCfg = Debug|Any CPU
		{F45D77B9-657B-4842-AEDA-842258A5FD83}.Debug|Any CPU.Build.0 = Debug|Any CPU
		{F45D77B9-657B-4842-AEDA-842258A5FD83}.Release|Any CPU.ActiveCfg = Release|Any CPU
		{F45D77B9-657B-4842-AEDA-842258A5FD83}.Release|Any CPU.Build.0 = Release|Any CPU
		{43DCEAED-E592-4437-B877-C811C6E175D7}.Debug|Any CPU.ActiveCfg = Debug|Any CPU
		{43DCEAED-E592-4437-B877-C811C6E175D7}.Debug|Any CPU.Build.0 = Debug|Any CPU
		{43DCEAED-E592-4437-B877-C811C6E175D7}.Release|Any CPU.ActiveCfg = Release|Any CPU
		{43DCEAED-E592-4437-B877-C811C6E175D7}.Release|Any CPU.Build.0 = Release|Any CPU
		{56CAE1C5-1AA3-431E-AF36-CE4D083E114E}.Debug|Any CPU.ActiveCfg = Debug|Any CPU
		{56CAE1C5-1AA3-431E-AF36-CE4D083E114E}.Debug|Any CPU.Build.0 = Debug|Any CPU
		{56CAE1C5-1AA3-431E-AF36-CE4D083E114E}.Release|Any CPU.ActiveCfg = Release|Any CPU
		{56CAE1C5-1AA3-431E-AF36-CE4D083E114E}.Release|Any CPU.Build.0 = Release|Any CPU
		{8CDF5D99-D1F9-4E76-B799-BB1778F134F7}.Debug|Any CPU.ActiveCfg = Debug|Any CPU
		{8CDF5D99-D1F9-4E76-B799-BB1778F134F7}.Debug|Any CPU.Build.0 = Debug|Any CPU
		{8CDF5D99-D1F9-4E76-B799-BB1778F134F7}.Release|Any CPU.ActiveCfg = Release|Any CPU
		{8CDF5D99-D1F9-4E76-B799-BB1778F134F7}.Release|Any CPU.Build.0 = Release|Any CPU
		{6F533A3F-2285-4A50-8184-DB42D2A9970B}.Debug|Any CPU.ActiveCfg = Debug|Any CPU
		{6F533A3F-2285-4A50-8184-DB42D2A9970B}.Debug|Any CPU.Build.0 = Debug|Any CPU
		{6F533A3F-2285-4A50-8184-DB42D2A9970B}.Release|Any CPU.ActiveCfg = Release|Any CPU
		{6F533A3F-2285-4A50-8184-DB42D2A9970B}.Release|Any CPU.Build.0 = Release|Any CPU
	EndGlobalSection
	GlobalSection(SolutionProperties) = preSolution
		HideSolutionNode = FALSE
	EndGlobalSection
	GlobalSection(ExtensibilityGlobals) = postSolution
		SolutionGuid = {65B1DE5D-237C-4438-BE0B-EDA8B01C8937}
	EndGlobalSection
EndGlobal
